
Microsoft Visual Studio Solution File, Format Version 12.00
# Visual Studio Version 17
VisualStudioVersion = 17.5.2.0
MinimumVisualStudioVersion = 10.0.40219.1
Project("{2150E333-8FDC-42A3-9474-1A3956D46DE8}") = "Api", "Api", "{D82C56D6-B2CD-F611-9E31-04638F7EC30E}"
EndProject
Project("{FAE04EC0-301F-11D3-BF4B-00C04F79EFBC}") = "ApiGateway", "src\Services\Api\ApiGateway.csproj", "{48DFF97B-9A5F-EA97-093C-84C783EDB4CA}"
EndProject
Project("{2150E333-8FDC-42A3-9474-1A3956D46DE8}") = "src", "src", "{827E0CD3-B72D-47B6-A68D-7590B98EB39B}"
EndProject
Project("{2150E333-8FDC-42A3-9474-1A3956D46DE8}") = "Services", "Services", "{984BB9B3-3FA3-BE33-9484-CAC21695A33C}"
EndProject
Project("{2150E333-8FDC-42A3-9474-1A3956D46DE8}") = "Auth", "Auth", "{473EF3C4-73FA-6715-AA3C-7C7929374EED}"
EndProject
Project("{FAE04EC0-301F-11D3-BF4B-00C04F79EFBC}") = "Auth.API", "src\Services\Auth\Auth.API\Auth.API.csproj", "{C3EC9CB2-5631-440D-9689-7F0A03F9D911}"
EndProject
Project("{FAE04EC0-301F-11D3-BF4B-00C04F79EFBC}") = "Auth.Application", "src\Services\Auth\Auth.Application\Auth.Application.csproj", "{3A00E025-20F4-432B-87DD-1E8CD2B1484A}"
EndProject
Project("{FAE04EC0-301F-11D3-BF4B-00C04F79EFBC}") = "Auth.Domain", "src\Services\Auth\Auth.Domain\Auth.Domain.csproj", "{CA3339EE-D1AC-48FE-90B0-BF97E3EE172A}"
EndProject
Project("{FAE04EC0-301F-11D3-BF4B-00C04F79EFBC}") = "Auth.Infrastructure", "src\Services\Auth\Auth.Infrastructure\Auth.Infrastructure.csproj", "{96CA3A9A-34A8-4074-BE9C-6DC38E503127}"
EndProject
Project("{2150E333-8FDC-42A3-9474-1A3956D46DE8}") = "Catalog", "Catalog", "{C91C1CF1-1625-0789-F869-53D87D6277BA}"
EndProject
Project("{FAE04EC0-301F-11D3-BF4B-00C04F79EFBC}") = "Catalog.API", "src\Services\Catalog\Catalog.API\Catalog.API.csproj", "{AD5CC190-4B53-431D-8E64-2CCD27D322B9}"
EndProject
Project("{FAE04EC0-301F-11D3-BF4B-00C04F79EFBC}") = "Catalog.Application", "src\Services\Catalog\Catalog.Application\Catalog.Application.csproj", "{225DDFCC-6895-45A8-BF57-0E4CBBB603D1}"
EndProject
Project("{FAE04EC0-301F-11D3-BF4B-00C04F79EFBC}") = "Catalog.Domain", "src\Services\Catalog\Catalog.Domain\Catalog.Domain.csproj", "{F9C727BA-7EA0-4664-BC13-B9C08E03BC00}"
EndProject
Project("{FAE04EC0-301F-11D3-BF4B-00C04F79EFBC}") = "Catalog.Infrastructure", "src\Services\Catalog\Catalog.Infrastructure\Catalog.Infrastructure.csproj", "{78AB4C08-462D-454A-A7B8-9E89F64C04C5}"
EndProject
Project("{2150E333-8FDC-42A3-9474-1A3956D46DE8}") = "Community", "Community", "{0B029BC5-D7D3-F9F2-CC0A-E2B61D9B7287}"
EndProject
Project("{FAE04EC0-301F-11D3-BF4B-00C04F79EFBC}") = "Community.API", "src\Services\Community\Community.API\Community.API.csproj", "{EC3E838F-9833-469B-9F57-8E676D8EADE3}"
EndProject
Project("{FAE04EC0-301F-11D3-BF4B-00C04F79EFBC}") = "Community.Application", "src\Services\Community\Community.Application\Community.Application.csproj", "{0959F641-3B52-4A8B-8647-47C27489F819}"
EndProject
Project("{FAE04EC0-301F-11D3-BF4B-00C04F79EFBC}") = "Community.Domain", "src\Services\Community\Community.Domain\Community.Domain.csproj", "{28C69135-6ED8-4638-B0EE-5032612AECAF}"
EndProject
Project("{FAE04EC0-301F-11D3-BF4B-00C04F79EFBC}") = "Community.Infrastructure", "src\Services\Community\Community.Infrastructure\Community.Infrastructure.csproj", "{ECCC3CD6-EA44-4C44-B34B-A55DADEADB8E}"
EndProject
Project("{2150E333-8FDC-42A3-9474-1A3956D46DE8}") = "Enrollment", "Enrollment", "{DA0821AE-E6EB-37CD-4B7A-8936146B7071}"
EndProject
Project("{FAE04EC0-301F-11D3-BF4B-00C04F79EFBC}") = "Enrollment.API", "src\Services\Enrollment\Enrollment.API\Enrollment.API.csproj", "{FAE08ECC-7922-442F-BF36-F373A7486E1F}"
EndProject
Project("{FAE04EC0-301F-11D3-BF4B-00C04F79EFBC}") = "Enrollment.Application", "src\Services\Enrollment\Enrollment.Application\Enrollment.Application.csproj", "{A540F441-BF93-4CE6-B831-81A9AF7AB9C1}"
EndProject
Project("{FAE04EC0-301F-11D3-BF4B-00C04F79EFBC}") = "Enrollment.Domain", "src\Services\Enrollment\Enrollment.Domain\Enrollment.Domain.csproj", "{68D0F2A1-5617-4CDE-96E8-C99BDDE7FF7A}"
EndProject
Project("{FAE04EC0-301F-11D3-BF4B-00C04F79EFBC}") = "Enrollment.Infrastructure", "src\Services\Enrollment\Enrollment.Infrastructure\Enrollment.Infrastructure.csproj", "{AA280F52-A2FF-4C0D-992F-8D92125360DA}"
EndProject
Project("{2150E333-8FDC-42A3-9474-1A3956D46DE8}") = "FileStorage", "FileStorage", "{A3366C84-D65D-1C46-F00E-7B34F1A4F7E6}"
EndProject
Project("{FAE04EC0-301F-11D3-BF4B-00C04F79EFBC}") = "FileStorage.API", "src\Services\FileStorage\FileStorage.API\FileStorage.API.csproj", "{34DEF818-9C0A-48CB-85C1-6CA8CB68ED8B}"
EndProject
Project("{FAE04EC0-301F-11D3-BF4B-00C04F79EFBC}") = "FileStorage.Application", "src\Services\FileStorage\FileStorage.Application\FileStorage.Application.csproj", "{5885E932-0D71-43C8-B347-DD27B08D124B}"
EndProject
Project("{FAE04EC0-301F-11D3-BF4B-00C04F79EFBC}") = "FileStorage.Domain", "src\Services\FileStorage\FileStorage.Domain\FileStorage.Domain.csproj", "{F91D8A95-F70B-4B04-92CB-B015D05E0227}"
EndProject
Project("{FAE04EC0-301F-11D3-BF4B-00C04F79EFBC}") = "FileStorage.Infrastructure", "src\Services\FileStorage\FileStorage.Infrastructure\FileStorage.Infrastructure.csproj", "{88AF332F-F549-4FE3-A8BB-AAD73D780357}"
EndProject
Project("{2150E333-8FDC-42A3-9474-1A3956D46DE8}") = "Order", "Order", "{B851199A-4979-E597-3D50-97AC5992BBAF}"
EndProject
Project("{FAE04EC0-301F-11D3-BF4B-00C04F79EFBC}") = "Order.API", "src\Services\Order\Order.API\Order.API.csproj", "{0AB048F6-3FA9-4C0A-BB7B-10820A066461}"
EndProject
Project("{FAE04EC0-301F-11D3-BF4B-00C04F79EFBC}") = "Order.Application", "src\Services\Order\Order.Application\Order.Application.csproj", "{5A932359-4BAE-4C68-A75A-9FC7D94C024C}"
EndProject
Project("{FAE04EC0-301F-11D3-BF4B-00C04F79EFBC}") = "Order.Domain", "src\Services\Order\Order.Domain\Order.Domain.csproj", "{EA2C368D-424C-4649-8F6A-632D9CF94A97}"
EndProject
Project("{FAE04EC0-301F-11D3-BF4B-00C04F79EFBC}") = "Order.Infrastructure", "src\Services\Order\Order.Infrastructure\Order.Infrastructure.csproj", "{DFB815AA-0C85-455D-99DD-F415A4E3182F}"
EndProject
Project("{2150E333-8FDC-42A3-9474-1A3956D46DE8}") = "Report", "Report", "{EA21366C-CA10-58A8-F467-82E475E18730}"
EndProject
Project("{FAE04EC0-301F-11D3-BF4B-00C04F79EFBC}") = "Report.API", "src\Services\Report\Report.API\Report.API.csproj", "{3C37C2A1-D75D-4A36-A656-0BFDE6270421}"
EndProject
Project("{FAE04EC0-301F-11D3-BF4B-00C04F79EFBC}") = "Report.Application", "src\Services\Report\Report.Application\Report.Application.csproj", "{38CEB5A3-96CC-4C34-943D-54B1D799B086}"
EndProject
Project("{FAE04EC0-301F-11D3-BF4B-00C04F79EFBC}") = "Report.Domain", "src\Services\Report\Report.Domain\Report.Domain.csproj", "{CE51DC65-224A-4A1A-8CAB-E2A9BDC10AE1}"
EndProject
Project("{FAE04EC0-301F-11D3-BF4B-00C04F79EFBC}") = "Report.Infrastructure", "src\Services\Report\Report.Infrastructure\Report.Infrastructure.csproj", "{17E9292C-7507-41E2-8863-B225FBA2F91C}"
EndProject
Global
	GlobalSection(SolutionConfigurationPlatforms) = preSolution
		Debug|Any CPU = Debug|Any CPU
		Debug|x64 = Debug|x64
		Debug|x86 = Debug|x86
		Release|Any CPU = Release|Any CPU
		Release|x64 = Release|x64
		Release|x86 = Release|x86
	EndGlobalSection
	GlobalSection(ProjectConfigurationPlatforms) = postSolution
		{48DFF97B-9A5F-EA97-093C-84C783EDB4CA}.Debug|Any CPU.ActiveCfg = Debug|Any CPU
		{48DFF97B-9A5F-EA97-093C-84C783EDB4CA}.Debug|Any CPU.Build.0 = Debug|Any CPU
		{48DFF97B-9A5F-EA97-093C-84C783EDB4CA}.Debug|x64.ActiveCfg = Debug|Any CPU
		{48DFF97B-9A5F-EA97-093C-84C783EDB4CA}.Debug|x64.Build.0 = Debug|Any CPU
		{48DFF97B-9A5F-EA97-093C-84C783EDB4CA}.Debug|x86.ActiveCfg = Debug|Any CPU
		{48DFF97B-9A5F-EA97-093C-84C783EDB4CA}.Debug|x86.Build.0 = Debug|Any CPU
		{48DFF97B-9A5F-EA97-093C-84C783EDB4CA}.Release|Any CPU.ActiveCfg = Release|Any CPU
		{48DFF97B-9A5F-EA97-093C-84C783EDB4CA}.Release|Any CPU.Build.0 = Release|Any CPU
		{48DFF97B-9A5F-EA97-093C-84C783EDB4CA}.Release|x64.ActiveCfg = Release|Any CPU
		{48DFF97B-9A5F-EA97-093C-84C783EDB4CA}.Release|x64.Build.0 = Release|Any CPU
		{48DFF97B-9A5F-EA97-093C-84C783EDB4CA}.Release|x86.ActiveCfg = Release|Any CPU
		{48DFF97B-9A5F-EA97-093C-84C783EDB4CA}.Release|x86.Build.0 = Release|Any CPU
		{C3EC9CB2-5631-440D-9689-7F0A03F9D911}.Debug|Any CPU.ActiveCfg = Debug|Any CPU
		{C3EC9CB2-5631-440D-9689-7F0A03F9D911}.Debug|Any CPU.Build.0 = Debug|Any CPU
		{C3EC9CB2-5631-440D-9689-7F0A03F9D911}.Debug|x64.ActiveCfg = Debug|Any CPU
		{C3EC9CB2-5631-440D-9689-7F0A03F9D911}.Debug|x64.Build.0 = Debug|Any CPU
		{C3EC9CB2-5631-440D-9689-7F0A03F9D911}.Debug|x86.ActiveCfg = Debug|Any CPU
		{C3EC9CB2-5631-440D-9689-7F0A03F9D911}.Debug|x86.Build.0 = Debug|Any CPU
		{C3EC9CB2-5631-440D-9689-7F0A03F9D911}.Release|Any CPU.ActiveCfg = Release|Any CPU
		{C3EC9CB2-5631-440D-9689-7F0A03F9D911}.Release|Any CPU.Build.0 = Release|Any CPU
		{C3EC9CB2-5631-440D-9689-7F0A03F9D911}.Release|x64.ActiveCfg = Release|Any CPU
		{C3EC9CB2-5631-440D-9689-7F0A03F9D911}.Release|x64.Build.0 = Release|Any CPU
		{C3EC9CB2-5631-440D-9689-7F0A03F9D911}.Release|x86.ActiveCfg = Release|Any CPU
		{C3EC9CB2-5631-440D-9689-7F0A03F9D911}.Release|x86.Build.0 = Release|Any CPU
		{3A00E025-20F4-432B-87DD-1E8CD2B1484A}.Debug|Any CPU.ActiveCfg = Debug|Any CPU
		{3A00E025-20F4-432B-87DD-1E8CD2B1484A}.Debug|Any CPU.Build.0 = Debug|Any CPU
		{3A00E025-20F4-432B-87DD-1E8CD2B1484A}.Debug|x64.ActiveCfg = Debug|Any CPU
		{3A00E025-20F4-432B-87DD-1E8CD2B1484A}.Debug|x64.Build.0 = Debug|Any CPU
		{3A00E025-20F4-432B-87DD-1E8CD2B1484A}.Debug|x86.ActiveCfg = Debug|Any CPU
		{3A00E025-20F4-432B-87DD-1E8CD2B1484A}.Debug|x86.Build.0 = Debug|Any CPU
		{3A00E025-20F4-432B-87DD-1E8CD2B1484A}.Release|Any CPU.ActiveCfg = Release|Any CPU
		{3A00E025-20F4-432B-87DD-1E8CD2B1484A}.Release|Any CPU.Build.0 = Release|Any CPU
		{3A00E025-20F4-432B-87DD-1E8CD2B1484A}.Release|x64.ActiveCfg = Release|Any CPU
		{3A00E025-20F4-432B-87DD-1E8CD2B1484A}.Release|x64.Build.0 = Release|Any CPU
		{3A00E025-20F4-432B-87DD-1E8CD2B1484A}.Release|x86.ActiveCfg = Release|Any CPU
		{3A00E025-20F4-432B-87DD-1E8CD2B1484A}.Release|x86.Build.0 = Release|Any CPU
		{CA3339EE-D1AC-48FE-90B0-BF97E3EE172A}.Debug|Any CPU.ActiveCfg = Debug|Any CPU
		{CA3339EE-D1AC-48FE-90B0-BF97E3EE172A}.Debug|Any CPU.Build.0 = Debug|Any CPU
		{CA3339EE-D1AC-48FE-90B0-BF97E3EE172A}.Debug|x64.ActiveCfg = Debug|Any CPU
		{CA3339EE-D1AC-48FE-90B0-BF97E3EE172A}.Debug|x64.Build.0 = Debug|Any CPU
		{CA3339EE-D1AC-48FE-90B0-BF97E3EE172A}.Debug|x86.ActiveCfg = Debug|Any CPU
		{CA3339EE-D1AC-48FE-90B0-BF97E3EE172A}.Debug|x86.Build.0 = Debug|Any CPU
		{CA3339EE-D1AC-48FE-90B0-BF97E3EE172A}.Release|Any CPU.ActiveCfg = Release|Any CPU
		{CA3339EE-D1AC-48FE-90B0-BF97E3EE172A}.Release|Any CPU.Build.0 = Release|Any CPU
		{CA3339EE-D1AC-48FE-90B0-BF97E3EE172A}.Release|x64.ActiveCfg = Release|Any CPU
		{CA3339EE-D1AC-48FE-90B0-BF97E3EE172A}.Release|x64.Build.0 = Release|Any CPU
		{CA3339EE-D1AC-48FE-90B0-BF97E3EE172A}.Release|x86.ActiveCfg = Release|Any CPU
		{CA3339EE-D1AC-48FE-90B0-BF97E3EE172A}.Release|x86.Build.0 = Release|Any CPU
		{96CA3A9A-34A8-4074-BE9C-6DC38E503127}.Debug|Any CPU.ActiveCfg = Debug|Any CPU
		{96CA3A9A-34A8-4074-BE9C-6DC38E503127}.Debug|Any CPU.Build.0 = Debug|Any CPU
		{96CA3A9A-34A8-4074-BE9C-6DC38E503127}.Debug|x64.ActiveCfg = Debug|Any CPU
		{96CA3A9A-34A8-4074-BE9C-6DC38E503127}.Debug|x64.Build.0 = Debug|Any CPU
		{96CA3A9A-34A8-4074-BE9C-6DC38E503127}.Debug|x86.ActiveCfg = Debug|Any CPU
		{96CA3A9A-34A8-4074-BE9C-6DC38E503127}.Debug|x86.Build.0 = Debug|Any CPU
		{96CA3A9A-34A8-4074-BE9C-6DC38E503127}.Release|Any CPU.ActiveCfg = Release|Any CPU
		{96CA3A9A-34A8-4074-BE9C-6DC38E503127}.Release|Any CPU.Build.0 = Release|Any CPU
		{96CA3A9A-34A8-4074-BE9C-6DC38E503127}.Release|x64.ActiveCfg = Release|Any CPU
		{96CA3A9A-34A8-4074-BE9C-6DC38E503127}.Release|x64.Build.0 = Release|Any CPU
		{96CA3A9A-34A8-4074-BE9C-6DC38E503127}.Release|x86.ActiveCfg = Release|Any CPU
		{96CA3A9A-34A8-4074-BE9C-6DC38E503127}.Release|x86.Build.0 = Release|Any CPU
		{AD5CC190-4B53-431D-8E64-2CCD27D322B9}.Debug|Any CPU.ActiveCfg = Debug|Any CPU
		{AD5CC190-4B53-431D-8E64-2CCD27D322B9}.Debug|Any CPU.Build.0 = Debug|Any CPU
		{AD5CC190-4B53-431D-8E64-2CCD27D322B9}.Debug|x64.ActiveCfg = Debug|Any CPU
		{AD5CC190-4B53-431D-8E64-2CCD27D322B9}.Debug|x64.Build.0 = Debug|Any CPU
		{AD5CC190-4B53-431D-8E64-2CCD27D322B9}.Debug|x86.ActiveCfg = Debug|Any CPU
		{AD5CC190-4B53-431D-8E64-2CCD27D322B9}.Debug|x86.Build.0 = Debug|Any CPU
		{AD5CC190-4B53-431D-8E64-2CCD27D322B9}.Release|Any CPU.ActiveCfg = Release|Any CPU
		{AD5CC190-4B53-431D-8E64-2CCD27D322B9}.Release|Any CPU.Build.0 = Release|Any CPU
		{AD5CC190-4B53-431D-8E64-2CCD27D322B9}.Release|x64.ActiveCfg = Release|Any CPU
		{AD5CC190-4B53-431D-8E64-2CCD27D322B9}.Release|x64.Build.0 = Release|Any CPU
		{AD5CC190-4B53-431D-8E64-2CCD27D322B9}.Release|x86.ActiveCfg = Release|Any CPU
		{AD5CC190-4B53-431D-8E64-2CCD27D322B9}.Release|x86.Build.0 = Release|Any CPU
		{225DDFCC-6895-45A8-BF57-0E4CBBB603D1}.Debug|Any CPU.ActiveCfg = Debug|Any CPU
		{225DDFCC-6895-45A8-BF57-0E4CBBB603D1}.Debug|Any CPU.Build.0 = Debug|Any CPU
		{225DDFCC-6895-45A8-BF57-0E4CBBB603D1}.Debug|x64.ActiveCfg = Debug|Any CPU
		{225DDFCC-6895-45A8-BF57-0E4CBBB603D1}.Debug|x64.Build.0 = Debug|Any CPU
		{225DDFCC-6895-45A8-BF57-0E4CBBB603D1}.Debug|x86.ActiveCfg = Debug|Any CPU
		{225DDFCC-6895-45A8-BF57-0E4CBBB603D1}.Debug|x86.Build.0 = Debug|Any CPU
		{225DDFCC-6895-45A8-BF57-0E4CBBB603D1}.Release|Any CPU.ActiveCfg = Release|Any CPU
		{225DDFCC-6895-45A8-BF57-0E4CBBB603D1}.Release|Any CPU.Build.0 = Release|Any CPU
		{225DDFCC-6895-45A8-BF57-0E4CBBB603D1}.Release|x64.ActiveCfg = Release|Any CPU
		{225DDFCC-6895-45A8-BF57-0E4CBBB603D1}.Release|x64.Build.0 = Release|Any CPU
		{225DDFCC-6895-45A8-BF57-0E4CBBB603D1}.Release|x86.ActiveCfg = Release|Any CPU
		{225DDFCC-6895-45A8-BF57-0E4CBBB603D1}.Release|x86.Build.0 = Release|Any CPU
		{F9C727BA-7EA0-4664-BC13-B9C08E03BC00}.Debug|Any CPU.ActiveCfg = Debug|Any CPU
		{F9C727BA-7EA0-4664-BC13-B9C08E03BC00}.Debug|Any CPU.Build.0 = Debug|Any CPU
		{F9C727BA-7EA0-4664-BC13-B9C08E03BC00}.Debug|x64.ActiveCfg = Debug|Any CPU
		{F9C727BA-7EA0-4664-BC13-B9C08E03BC00}.Debug|x64.Build.0 = Debug|Any CPU
		{F9C727BA-7EA0-4664-BC13-B9C08E03BC00}.Debug|x86.ActiveCfg = Debug|Any CPU
		{F9C727BA-7EA0-4664-BC13-B9C08E03BC00}.Debug|x86.Build.0 = Debug|Any CPU
		{F9C727BA-7EA0-4664-BC13-B9C08E03BC00}.Release|Any CPU.ActiveCfg = Release|Any CPU
		{F9C727BA-7EA0-4664-BC13-B9C08E03BC00}.Release|Any CPU.Build.0 = Release|Any CPU
		{F9C727BA-7EA0-4664-BC13-B9C08E03BC00}.Release|x64.ActiveCfg = Release|Any CPU
		{F9C727BA-7EA0-4664-BC13-B9C08E03BC00}.Release|x64.Build.0 = Release|Any CPU
		{F9C727BA-7EA0-4664-BC13-B9C08E03BC00}.Release|x86.ActiveCfg = Release|Any CPU
		{F9C727BA-7EA0-4664-BC13-B9C08E03BC00}.Release|x86.Build.0 = Release|Any CPU
		{78AB4C08-462D-454A-A7B8-9E89F64C04C5}.Debug|Any CPU.ActiveCfg = Debug|Any CPU
		{78AB4C08-462D-454A-A7B8-9E89F64C04C5}.Debug|Any CPU.Build.0 = Debug|Any CPU
		{78AB4C08-462D-454A-A7B8-9E89F64C04C5}.Debug|x64.ActiveCfg = Debug|Any CPU
		{78AB4C08-462D-454A-A7B8-9E89F64C04C5}.Debug|x64.Build.0 = Debug|Any CPU
		{78AB4C08-462D-454A-A7B8-9E89F64C04C5}.Debug|x86.ActiveCfg = Debug|Any CPU
		{78AB4C08-462D-454A-A7B8-9E89F64C04C5}.Debug|x86.Build.0 = Debug|Any CPU
		{78AB4C08-462D-454A-A7B8-9E89F64C04C5}.Release|Any CPU.ActiveCfg = Release|Any CPU
		{78AB4C08-462D-454A-A7B8-9E89F64C04C5}.Release|Any CPU.Build.0 = Release|Any CPU
		{78AB4C08-462D-454A-A7B8-9E89F64C04C5}.Release|x64.ActiveCfg = Release|Any CPU
		{78AB4C08-462D-454A-A7B8-9E89F64C04C5}.Release|x64.Build.0 = Release|Any CPU
		{78AB4C08-462D-454A-A7B8-9E89F64C04C5}.Release|x86.ActiveCfg = Release|Any CPU
		{78AB4C08-462D-454A-A7B8-9E89F64C04C5}.Release|x86.Build.0 = Release|Any CPU
		{EC3E838F-9833-469B-9F57-8E676D8EADE3}.Debug|Any CPU.ActiveCfg = Debug|Any CPU
		{EC3E838F-9833-469B-9F57-8E676D8EADE3}.Debug|Any CPU.Build.0 = Debug|Any CPU
		{EC3E838F-9833-469B-9F57-8E676D8EADE3}.Debug|x64.ActiveCfg = Debug|Any CPU
		{EC3E838F-9833-469B-9F57-8E676D8EADE3}.Debug|x64.Build.0 = Debug|Any CPU
		{EC3E838F-9833-469B-9F57-8E676D8EADE3}.Debug|x86.ActiveCfg = Debug|Any CPU
		{EC3E838F-9833-469B-9F57-8E676D8EADE3}.Debug|x86.Build.0 = Debug|Any CPU
		{EC3E838F-9833-469B-9F57-8E676D8EADE3}.Release|Any CPU.ActiveCfg = Release|Any CPU
		{EC3E838F-9833-469B-9F57-8E676D8EADE3}.Release|Any CPU.Build.0 = Release|Any CPU
		{EC3E838F-9833-469B-9F57-8E676D8EADE3}.Release|x64.ActiveCfg = Release|Any CPU
		{EC3E838F-9833-469B-9F57-8E676D8EADE3}.Release|x64.Build.0 = Release|Any CPU
		{EC3E838F-9833-469B-9F57-8E676D8EADE3}.Release|x86.ActiveCfg = Release|Any CPU
		{EC3E838F-9833-469B-9F57-8E676D8EADE3}.Release|x86.Build.0 = Release|Any CPU
		{0959F641-3B52-4A8B-8647-47C27489F819}.Debug|Any CPU.ActiveCfg = Debug|Any CPU
		{0959F641-3B52-4A8B-8647-47C27489F819}.Debug|Any CPU.Build.0 = Debug|Any CPU
		{0959F641-3B52-4A8B-8647-47C27489F819}.Debug|x64.ActiveCfg = Debug|Any CPU
		{0959F641-3B52-4A8B-8647-47C27489F819}.Debug|x64.Build.0 = Debug|Any CPU
		{0959F641-3B52-4A8B-8647-47C27489F819}.Debug|x86.ActiveCfg = Debug|Any CPU
		{0959F641-3B52-4A8B-8647-47C27489F819}.Debug|x86.Build.0 = Debug|Any CPU
		{0959F641-3B52-4A8B-8647-47C27489F819}.Release|Any CPU.ActiveCfg = Release|Any CPU
		{0959F641-3B52-4A8B-8647-47C27489F819}.Release|Any CPU.Build.0 = Release|Any CPU
		{0959F641-3B52-4A8B-8647-47C27489F819}.Release|x64.ActiveCfg = Release|Any CPU
		{0959F641-3B52-4A8B-8647-47C27489F819}.Release|x64.Build.0 = Release|Any CPU
		{0959F641-3B52-4A8B-8647-47C27489F819}.Release|x86.ActiveCfg = Release|Any CPU
		{0959F641-3B52-4A8B-8647-47C27489F819}.Release|x86.Build.0 = Release|Any CPU
		{28C69135-6ED8-4638-B0EE-5032612AECAF}.Debug|Any CPU.ActiveCfg = Debug|Any CPU
		{28C69135-6ED8-4638-B0EE-5032612AECAF}.Debug|Any CPU.Build.0 = Debug|Any CPU
		{28C69135-6ED8-4638-B0EE-5032612AECAF}.Debug|x64.ActiveCfg = Debug|Any CPU
		{28C69135-6ED8-4638-B0EE-5032612AECAF}.Debug|x64.Build.0 = Debug|Any CPU
		{28C69135-6ED8-4638-B0EE-5032612AECAF}.Debug|x86.ActiveCfg = Debug|Any CPU
		{28C69135-6ED8-4638-B0EE-5032612AECAF}.Debug|x86.Build.0 = Debug|Any CPU
		{28C69135-6ED8-4638-B0EE-5032612AECAF}.Release|Any CPU.ActiveCfg = Release|Any CPU
		{28C69135-6ED8-4638-B0EE-5032612AECAF}.Release|Any CPU.Build.0 = Release|Any CPU
		{28C69135-6ED8-4638-B0EE-5032612AECAF}.Release|x64.ActiveCfg = Release|Any CPU
		{28C69135-6ED8-4638-B0EE-5032612AECAF}.Release|x64.Build.0 = Release|Any CPU
		{28C69135-6ED8-4638-B0EE-5032612AECAF}.Release|x86.ActiveCfg = Release|Any CPU
		{28C69135-6ED8-4638-B0EE-5032612AECAF}.Release|x86.Build.0 = Release|Any CPU
		{ECCC3CD6-EA44-4C44-B34B-A55DADEADB8E}.Debug|Any CPU.ActiveCfg = Debug|Any CPU
		{ECCC3CD6-EA44-4C44-B34B-A55DADEADB8E}.Debug|Any CPU.Build.0 = Debug|Any CPU
		{ECCC3CD6-EA44-4C44-B34B-A55DADEADB8E}.Debug|x64.ActiveCfg = Debug|Any CPU
		{ECCC3CD6-EA44-4C44-B34B-A55DADEADB8E}.Debug|x64.Build.0 = Debug|Any CPU
		{ECCC3CD6-EA44-4C44-B34B-A55DADEADB8E}.Debug|x86.ActiveCfg = Debug|Any CPU
		{ECCC3CD6-EA44-4C44-B34B-A55DADEADB8E}.Debug|x86.Build.0 = Debug|Any CPU
		{ECCC3CD6-EA44-4C44-B34B-A55DADEADB8E}.Release|Any CPU.ActiveCfg = Release|Any CPU
		{ECCC3CD6-EA44-4C44-B34B-A55DADEADB8E}.Release|Any CPU.Build.0 = Release|Any CPU
		{ECCC3CD6-EA44-4C44-B34B-A55DADEADB8E}.Release|x64.ActiveCfg = Release|Any CPU
		{ECCC3CD6-EA44-4C44-B34B-A55DADEADB8E}.Release|x64.Build.0 = Release|Any CPU
		{ECCC3CD6-EA44-4C44-B34B-A55DADEADB8E}.Release|x86.ActiveCfg = Release|Any CPU
		{ECCC3CD6-EA44-4C44-B34B-A55DADEADB8E}.Release|x86.Build.0 = Release|Any CPU
		{FAE08ECC-7922-442F-BF36-F373A7486E1F}.Debug|Any CPU.ActiveCfg = Debug|Any CPU
		{FAE08ECC-7922-442F-BF36-F373A7486E1F}.Debug|Any CPU.Build.0 = Debug|Any CPU
		{FAE08ECC-7922-442F-BF36-F373A7486E1F}.Debug|x64.ActiveCfg = Debug|Any CPU
		{FAE08ECC-7922-442F-BF36-F373A7486E1F}.Debug|x64.Build.0 = Debug|Any CPU
		{FAE08ECC-7922-442F-BF36-F373A7486E1F}.Debug|x86.ActiveCfg = Debug|Any CPU
		{FAE08ECC-7922-442F-BF36-F373A7486E1F}.Debug|x86.Build.0 = Debug|Any CPU
		{FAE08ECC-7922-442F-BF36-F373A7486E1F}.Release|Any CPU.ActiveCfg = Release|Any CPU
		{FAE08ECC-7922-442F-BF36-F373A7486E1F}.Release|Any CPU.Build.0 = Release|Any CPU
		{FAE08ECC-7922-442F-BF36-F373A7486E1F}.Release|x64.ActiveCfg = Release|Any CPU
		{FAE08ECC-7922-442F-BF36-F373A7486E1F}.Release|x64.Build.0 = Release|Any CPU
		{FAE08ECC-7922-442F-BF36-F373A7486E1F}.Release|x86.ActiveCfg = Release|Any CPU
		{FAE08ECC-7922-442F-BF36-F373A7486E1F}.Release|x86.Build.0 = Release|Any CPU
		{A540F441-BF93-4CE6-B831-81A9AF7AB9C1}.Debug|Any CPU.ActiveCfg = Debug|Any CPU
		{A540F441-BF93-4CE6-B831-81A9AF7AB9C1}.Debug|Any CPU.Build.0 = Debug|Any CPU
		{A540F441-BF93-4CE6-B831-81A9AF7AB9C1}.Debug|x64.ActiveCfg = Debug|Any CPU
		{A540F441-BF93-4CE6-B831-81A9AF7AB9C1}.Debug|x64.Build.0 = Debug|Any CPU
		{A540F441-BF93-4CE6-B831-81A9AF7AB9C1}.Debug|x86.ActiveCfg = Debug|Any CPU
		{A540F441-BF93-4CE6-B831-81A9AF7AB9C1}.Debug|x86.Build.0 = Debug|Any CPU
		{A540F441-BF93-4CE6-B831-81A9AF7AB9C1}.Release|Any CPU.ActiveCfg = Release|Any CPU
		{A540F441-BF93-4CE6-B831-81A9AF7AB9C1}.Release|Any CPU.Build.0 = Release|Any CPU
		{A540F441-BF93-4CE6-B831-81A9AF7AB9C1}.Release|x64.ActiveCfg = Release|Any CPU
		{A540F441-BF93-4CE6-B831-81A9AF7AB9C1}.Release|x64.Build.0 = Release|Any CPU
		{A540F441-BF93-4CE6-B831-81A9AF7AB9C1}.Release|x86.ActiveCfg = Release|Any CPU
		{A540F441-BF93-4CE6-B831-81A9AF7AB9C1}.Release|x86.Build.0 = Release|Any CPU
		{68D0F2A1-5617-4CDE-96E8-C99BDDE7FF7A}.Debug|Any CPU.ActiveCfg = Debug|Any CPU
		{68D0F2A1-5617-4CDE-96E8-C99BDDE7FF7A}.Debug|Any CPU.Build.0 = Debug|Any CPU
		{68D0F2A1-5617-4CDE-96E8-C99BDDE7FF7A}.Debug|x64.ActiveCfg = Debug|Any CPU
		{68D0F2A1-5617-4CDE-96E8-C99BDDE7FF7A}.Debug|x64.Build.0 = Debug|Any CPU
		{68D0F2A1-5617-4CDE-96E8-C99BDDE7FF7A}.Debug|x86.ActiveCfg = Debug|Any CPU
		{68D0F2A1-5617-4CDE-96E8-C99BDDE7FF7A}.Debug|x86.Build.0 = Debug|Any CPU
		{68D0F2A1-5617-4CDE-96E8-C99BDDE7FF7A}.Release|Any CPU.ActiveCfg = Release|Any CPU
		{68D0F2A1-5617-4CDE-96E8-C99BDDE7FF7A}.Release|Any CPU.Build.0 = Release|Any CPU
		{68D0F2A1-5617-4CDE-96E8-C99BDDE7FF7A}.Release|x64.ActiveCfg = Release|Any CPU
		{68D0F2A1-5617-4CDE-96E8-C99BDDE7FF7A}.Release|x64.Build.0 = Release|Any CPU
		{68D0F2A1-5617-4CDE-96E8-C99BDDE7FF7A}.Release|x86.ActiveCfg = Release|Any CPU
		{68D0F2A1-5617-4CDE-96E8-C99BDDE7FF7A}.Release|x86.Build.0 = Release|Any CPU
		{AA280F52-A2FF-4C0D-992F-8D92125360DA}.Debug|Any CPU.ActiveCfg = Debug|Any CPU
		{AA280F52-A2FF-4C0D-992F-8D92125360DA}.Debug|Any CPU.Build.0 = Debug|Any CPU
		{AA280F52-A2FF-4C0D-992F-8D92125360DA}.Debug|x64.ActiveCfg = Debug|Any CPU
		{AA280F52-A2FF-4C0D-992F-8D92125360DA}.Debug|x64.Build.0 = Debug|Any CPU
		{AA280F52-A2FF-4C0D-992F-8D92125360DA}.Debug|x86.ActiveCfg = Debug|Any CPU
		{AA280F52-A2FF-4C0D-992F-8D92125360DA}.Debug|x86.Build.0 = Debug|Any CPU
		{AA280F52-A2FF-4C0D-992F-8D92125360DA}.Release|Any CPU.ActiveCfg = Release|Any CPU
		{AA280F52-A2FF-4C0D-992F-8D92125360DA}.Release|Any CPU.Build.0 = Release|Any CPU
		{AA280F52-A2FF-4C0D-992F-8D92125360DA}.Release|x64.ActiveCfg = Release|Any CPU
		{AA280F52-A2FF-4C0D-992F-8D92125360DA}.Release|x64.Build.0 = Release|Any CPU
		{AA280F52-A2FF-4C0D-992F-8D92125360DA}.Release|x86.ActiveCfg = Release|Any CPU
		{AA280F52-A2FF-4C0D-992F-8D92125360DA}.Release|x86.Build.0 = Release|Any CPU
		{34DEF818-9C0A-48CB-85C1-6CA8CB68ED8B}.Debug|Any CPU.ActiveCfg = Debug|Any CPU
		{34DEF818-9C0A-48CB-85C1-6CA8CB68ED8B}.Debug|Any CPU.Build.0 = Debug|Any CPU
		{34DEF818-9C0A-48CB-85C1-6CA8CB68ED8B}.Debug|x64.ActiveCfg = Debug|Any CPU
		{34DEF818-9C0A-48CB-85C1-6CA8CB68ED8B}.Debug|x64.Build.0 = Debug|Any CPU
		{34DEF818-9C0A-48CB-85C1-6CA8CB68ED8B}.Debug|x86.ActiveCfg = Debug|Any CPU
		{34DEF818-9C0A-48CB-85C1-6CA8CB68ED8B}.Debug|x86.Build.0 = Debug|Any CPU
		{34DEF818-9C0A-48CB-85C1-6CA8CB68ED8B}.Release|Any CPU.ActiveCfg = Release|Any CPU
		{34DEF818-9C0A-48CB-85C1-6CA8CB68ED8B}.Release|Any CPU.Build.0 = Release|Any CPU
		{34DEF818-9C0A-48CB-85C1-6CA8CB68ED8B}.Release|x64.ActiveCfg = Release|Any CPU
		{34DEF818-9C0A-48CB-85C1-6CA8CB68ED8B}.Release|x64.Build.0 = Release|Any CPU
		{34DEF818-9C0A-48CB-85C1-6CA8CB68ED8B}.Release|x86.ActiveCfg = Release|Any CPU
		{34DEF818-9C0A-48CB-85C1-6CA8CB68ED8B}.Release|x86.Build.0 = Release|Any CPU
		{5885E932-0D71-43C8-B347-DD27B08D124B}.Debug|Any CPU.ActiveCfg = Debug|Any CPU
		{5885E932-0D71-43C8-B347-DD27B08D124B}.Debug|Any CPU.Build.0 = Debug|Any CPU
		{5885E932-0D71-43C8-B347-DD27B08D124B}.Debug|x64.ActiveCfg = Debug|Any CPU
		{5885E932-0D71-43C8-B347-DD27B08D124B}.Debug|x64.Build.0 = Debug|Any CPU
		{5885E932-0D71-43C8-B347-DD27B08D124B}.Debug|x86.ActiveCfg = Debug|Any CPU
		{5885E932-0D71-43C8-B347-DD27B08D124B}.Debug|x86.Build.0 = Debug|Any CPU
		{5885E932-0D71-43C8-B347-DD27B08D124B}.Release|Any CPU.ActiveCfg = Release|Any CPU
		{5885E932-0D71-43C8-B347-DD27B08D124B}.Release|Any CPU.Build.0 = Release|Any CPU
		{5885E932-0D71-43C8-B347-DD27B08D124B}.Release|x64.ActiveCfg = Release|Any CPU
		{5885E932-0D71-43C8-B347-DD27B08D124B}.Release|x64.Build.0 = Release|Any CPU
		{5885E932-0D71-43C8-B347-DD27B08D124B}.Release|x86.ActiveCfg = Release|Any CPU
		{5885E932-0D71-43C8-B347-DD27B08D124B}.Release|x86.Build.0 = Release|Any CPU
		{F91D8A95-F70B-4B04-92CB-B015D05E0227}.Debug|Any CPU.ActiveCfg = Debug|Any CPU
		{F91D8A95-F70B-4B04-92CB-B015D05E0227}.Debug|Any CPU.Build.0 = Debug|Any CPU
		{F91D8A95-F70B-4B04-92CB-B015D05E0227}.Debug|x64.ActiveCfg = Debug|Any CPU
		{F91D8A95-F70B-4B04-92CB-B015D05E0227}.Debug|x64.Build.0 = Debug|Any CPU
		{F91D8A95-F70B-4B04-92CB-B015D05E0227}.Debug|x86.ActiveCfg = Debug|Any CPU
		{F91D8A95-F70B-4B04-92CB-B015D05E0227}.Debug|x86.Build.0 = Debug|Any CPU
		{F91D8A95-F70B-4B04-92CB-B015D05E0227}.Release|Any CPU.ActiveCfg = Release|Any CPU
		{F91D8A95-F70B-4B04-92CB-B015D05E0227}.Release|Any CPU.Build.0 = Release|Any CPU
		{F91D8A95-F70B-4B04-92CB-B015D05E0227}.Release|x64.ActiveCfg = Release|Any CPU
		{F91D8A95-F70B-4B04-92CB-B015D05E0227}.Release|x64.Build.0 = Release|Any CPU
		{F91D8A95-F70B-4B04-92CB-B015D05E0227}.Release|x86.ActiveCfg = Release|Any CPU
		{F91D8A95-F70B-4B04-92CB-B015D05E0227}.Release|x86.Build.0 = Release|Any CPU
		{88AF332F-F549-4FE3-A8BB-AAD73D780357}.Debug|Any CPU.ActiveCfg = Debug|Any CPU
		{88AF332F-F549-4FE3-A8BB-AAD73D780357}.Debug|Any CPU.Build.0 = Debug|Any CPU
		{88AF332F-F549-4FE3-A8BB-AAD73D780357}.Debug|x64.ActiveCfg = Debug|Any CPU
		{88AF332F-F549-4FE3-A8BB-AAD73D780357}.Debug|x64.Build.0 = Debug|Any CPU
		{88AF332F-F549-4FE3-A8BB-AAD73D780357}.Debug|x86.ActiveCfg = Debug|Any CPU
		{88AF332F-F549-4FE3-A8BB-AAD73D780357}.Debug|x86.Build.0 = Debug|Any CPU
		{88AF332F-F549-4FE3-A8BB-AAD73D780357}.Release|Any CPU.ActiveCfg = Release|Any CPU
		{88AF332F-F549-4FE3-A8BB-AAD73D780357}.Release|Any CPU.Build.0 = Release|Any CPU
		{88AF332F-F549-4FE3-A8BB-AAD73D780357}.Release|x64.ActiveCfg = Release|Any CPU
		{88AF332F-F549-4FE3-A8BB-AAD73D780357}.Release|x64.Build.0 = Release|Any CPU
		{88AF332F-F549-4FE3-A8BB-AAD73D780357}.Release|x86.ActiveCfg = Release|Any CPU
		{88AF332F-F549-4FE3-A8BB-AAD73D780357}.Release|x86.Build.0 = Release|Any CPU
		{0AB048F6-3FA9-4C0A-BB7B-10820A066461}.Debug|Any CPU.ActiveCfg = Debug|Any CPU
		{0AB048F6-3FA9-4C0A-BB7B-10820A066461}.Debug|Any CPU.Build.0 = Debug|Any CPU
		{0AB048F6-3FA9-4C0A-BB7B-10820A066461}.Debug|x64.ActiveCfg = Debug|Any CPU
		{0AB048F6-3FA9-4C0A-BB7B-10820A066461}.Debug|x64.Build.0 = Debug|Any CPU
		{0AB048F6-3FA9-4C0A-BB7B-10820A066461}.Debug|x86.ActiveCfg = Debug|Any CPU
		{0AB048F6-3FA9-4C0A-BB7B-10820A066461}.Debug|x86.Build.0 = Debug|Any CPU
		{0AB048F6-3FA9-4C0A-BB7B-10820A066461}.Release|Any CPU.ActiveCfg = Release|Any CPU
		{0AB048F6-3FA9-4C0A-BB7B-10820A066461}.Release|Any CPU.Build.0 = Release|Any CPU
		{0AB048F6-3FA9-4C0A-BB7B-10820A066461}.Release|x64.ActiveCfg = Release|Any CPU
		{0AB048F6-3FA9-4C0A-BB7B-10820A066461}.Release|x64.Build.0 = Release|Any CPU
		{0AB048F6-3FA9-4C0A-BB7B-10820A066461}.Release|x86.ActiveCfg = Release|Any CPU
		{0AB048F6-3FA9-4C0A-BB7B-10820A066461}.Release|x86.Build.0 = Release|Any CPU
		{5A932359-4BAE-4C68-A75A-9FC7D94C024C}.Debug|Any CPU.ActiveCfg = Debug|Any CPU
		{5A932359-4BAE-4C68-A75A-9FC7D94C024C}.Debug|Any CPU.Build.0 = Debug|Any CPU
		{5A932359-4BAE-4C68-A75A-9FC7D94C024C}.Debug|x64.ActiveCfg = Debug|Any CPU
		{5A932359-4BAE-4C68-A75A-9FC7D94C024C}.Debug|x64.Build.0 = Debug|Any CPU
		{5A932359-4BAE-4C68-A75A-9FC7D94C024C}.Debug|x86.ActiveCfg = Debug|Any CPU
		{5A932359-4BAE-4C68-A75A-9FC7D94C024C}.Debug|x86.Build.0 = Debug|Any CPU
		{5A932359-4BAE-4C68-A75A-9FC7D94C024C}.Release|Any CPU.ActiveCfg = Release|Any CPU
		{5A932359-4BAE-4C68-A75A-9FC7D94C024C}.Release|Any CPU.Build.0 = Release|Any CPU
		{5A932359-4BAE-4C68-A75A-9FC7D94C024C}.Release|x64.ActiveCfg = Release|Any CPU
		{5A932359-4BAE-4C68-A75A-9FC7D94C024C}.Release|x64.Build.0 = Release|Any CPU
		{5A932359-4BAE-4C68-A75A-9FC7D94C024C}.Release|x86.ActiveCfg = Release|Any CPU
		{5A932359-4BAE-4C68-A75A-9FC7D94C024C}.Release|x86.Build.0 = Release|Any CPU
		{EA2C368D-424C-4649-8F6A-632D9CF94A97}.Debug|Any CPU.ActiveCfg = Debug|Any CPU
		{EA2C368D-424C-4649-8F6A-632D9CF94A97}.Debug|Any CPU.Build.0 = Debug|Any CPU
		{EA2C368D-424C-4649-8F6A-632D9CF94A97}.Debug|x64.ActiveCfg = Debug|Any CPU
		{EA2C368D-424C-4649-8F6A-632D9CF94A97}.Debug|x64.Build.0 = Debug|Any CPU
		{EA2C368D-424C-4649-8F6A-632D9CF94A97}.Debug|x86.ActiveCfg = Debug|Any CPU
		{EA2C368D-424C-4649-8F6A-632D9CF94A97}.Debug|x86.Build.0 = Debug|Any CPU
		{EA2C368D-424C-4649-8F6A-632D9CF94A97}.Release|Any CPU.ActiveCfg = Release|Any CPU
		{EA2C368D-424C-4649-8F6A-632D9CF94A97}.Release|Any CPU.Build.0 = Release|Any CPU
		{EA2C368D-424C-4649-8F6A-632D9CF94A97}.Release|x64.ActiveCfg = Release|Any CPU
		{EA2C368D-424C-4649-8F6A-632D9CF94A97}.Release|x64.Build.0 = Release|Any CPU
		{EA2C368D-424C-4649-8F6A-632D9CF94A97}.Release|x86.ActiveCfg = Release|Any CPU
		{EA2C368D-424C-4649-8F6A-632D9CF94A97}.Release|x86.Build.0 = Release|Any CPU
		{DFB815AA-0C85-455D-99DD-F415A4E3182F}.Debug|Any CPU.ActiveCfg = Debug|Any CPU
		{DFB815AA-0C85-455D-99DD-F415A4E3182F}.Debug|Any CPU.Build.0 = Debug|Any CPU
		{DFB815AA-0C85-455D-99DD-F415A4E3182F}.Debug|x64.ActiveCfg = Debug|Any CPU
		{DFB815AA-0C85-455D-99DD-F415A4E3182F}.Debug|x64.Build.0 = Debug|Any CPU
		{DFB815AA-0C85-455D-99DD-F415A4E3182F}.Debug|x86.ActiveCfg = Debug|Any CPU
		{DFB815AA-0C85-455D-99DD-F415A4E3182F}.Debug|x86.Build.0 = Debug|Any CPU
		{DFB815AA-0C85-455D-99DD-F415A4E3182F}.Release|Any CPU.ActiveCfg = Release|Any CPU
		{DFB815AA-0C85-455D-99DD-F415A4E3182F}.Release|Any CPU.Build.0 = Release|Any CPU
		{DFB815AA-0C85-455D-99DD-F415A4E3182F}.Release|x64.ActiveCfg = Release|Any CPU
		{DFB815AA-0C85-455D-99DD-F415A4E3182F}.Release|x64.Build.0 = Release|Any CPU
		{DFB815AA-0C85-455D-99DD-F415A4E3182F}.Release|x86.ActiveCfg = Release|Any CPU
		{DFB815AA-0C85-455D-99DD-F415A4E3182F}.Release|x86.Build.0 = Release|Any CPU
		{3C37C2A1-D75D-4A36-A656-0BFDE6270421}.Debug|Any CPU.ActiveCfg = Debug|Any CPU
		{3C37C2A1-D75D-4A36-A656-0BFDE6270421}.Debug|Any CPU.Build.0 = Debug|Any CPU
		{3C37C2A1-D75D-4A36-A656-0BFDE6270421}.Debug|x64.ActiveCfg = Debug|Any CPU
		{3C37C2A1-D75D-4A36-A656-0BFDE6270421}.Debug|x64.Build.0 = Debug|Any CPU
		{3C37C2A1-D75D-4A36-A656-0BFDE6270421}.Debug|x86.ActiveCfg = Debug|Any CPU
		{3C37C2A1-D75D-4A36-A656-0BFDE6270421}.Debug|x86.Build.0 = Debug|Any CPU
		{3C37C2A1-D75D-4A36-A656-0BFDE6270421}.Release|Any CPU.ActiveCfg = Release|Any CPU
		{3C37C2A1-D75D-4A36-A656-0BFDE6270421}.Release|Any CPU.Build.0 = Release|Any CPU
		{3C37C2A1-D75D-4A36-A656-0BFDE6270421}.Release|x64.ActiveCfg = Release|Any CPU
		{3C37C2A1-D75D-4A36-A656-0BFDE6270421}.Release|x64.Build.0 = Release|Any CPU
		{3C37C2A1-D75D-4A36-A656-0BFDE6270421}.Release|x86.ActiveCfg = Release|Any CPU
		{3C37C2A1-D75D-4A36-A656-0BFDE6270421}.Release|x86.Build.0 = Release|Any CPU
		{38CEB5A3-96CC-4C34-943D-54B1D799B086}.Debug|Any CPU.ActiveCfg = Debug|Any CPU
		{38CEB5A3-96CC-4C34-943D-54B1D799B086}.Debug|Any CPU.Build.0 = Debug|Any CPU
		{38CEB5A3-96CC-4C34-943D-54B1D799B086}.Debug|x64.ActiveCfg = Debug|Any CPU
		{38CEB5A3-96CC-4C34-943D-54B1D799B086}.Debug|x64.Build.0 = Debug|Any CPU
		{38CEB5A3-96CC-4C34-943D-54B1D799B086}.Debug|x86.ActiveCfg = Debug|Any CPU
		{38CEB5A3-96CC-4C34-943D-54B1D799B086}.Debug|x86.Build.0 = Debug|Any CPU
		{38CEB5A3-96CC-4C34-943D-54B1D799B086}.Release|Any CPU.ActiveCfg = Release|Any CPU
		{38CEB5A3-96CC-4C34-943D-54B1D799B086}.Release|Any CPU.Build.0 = Release|Any CPU
		{38CEB5A3-96CC-4C34-943D-54B1D799B086}.Release|x64.ActiveCfg = Release|Any CPU
		{38CEB5A3-96CC-4C34-943D-54B1D799B086}.Release|x64.Build.0 = Release|Any CPU
		{38CEB5A3-96CC-4C34-943D-54B1D799B086}.Release|x86.ActiveCfg = Release|Any CPU
		{38CEB5A3-96CC-4C34-943D-54B1D799B086}.Release|x86.Build.0 = Release|Any CPU
		{CE51DC65-224A-4A1A-8CAB-E2A9BDC10AE1}.Debug|Any CPU.ActiveCfg = Debug|Any CPU
		{CE51DC65-224A-4A1A-8CAB-E2A9BDC10AE1}.Debug|Any CPU.Build.0 = Debug|Any CPU
		{CE51DC65-224A-4A1A-8CAB-E2A9BDC10AE1}.Debug|x64.ActiveCfg = Debug|Any CPU
		{CE51DC65-224A-4A1A-8CAB-E2A9BDC10AE1}.Debug|x64.Build.0 = Debug|Any CPU
		{CE51DC65-224A-4A1A-8CAB-E2A9BDC10AE1}.Debug|x86.ActiveCfg = Debug|Any CPU
		{CE51DC65-224A-4A1A-8CAB-E2A9BDC10AE1}.Debug|x86.Build.0 = Debug|Any CPU
		{CE51DC65-224A-4A1A-8CAB-E2A9BDC10AE1}.Release|Any CPU.ActiveCfg = Release|Any CPU
		{CE51DC65-224A-4A1A-8CAB-E2A9BDC10AE1}.Release|Any CPU.Build.0 = Release|Any CPU
		{CE51DC65-224A-4A1A-8CAB-E2A9BDC10AE1}.Release|x64.ActiveCfg = Release|Any CPU
		{CE51DC65-224A-4A1A-8CAB-E2A9BDC10AE1}.Release|x64.Build.0 = Release|Any CPU
		{CE51DC65-224A-4A1A-8CAB-E2A9BDC10AE1}.Release|x86.ActiveCfg = Release|Any CPU
		{CE51DC65-224A-4A1A-8CAB-E2A9BDC10AE1}.Release|x86.Build.0 = Release|Any CPU
		{17E9292C-7507-41E2-8863-B225FBA2F91C}.Debug|Any CPU.ActiveCfg = Debug|Any CPU
		{17E9292C-7507-41E2-8863-B225FBA2F91C}.Debug|Any CPU.Build.0 = Debug|Any CPU
		{17E9292C-7507-41E2-8863-B225FBA2F91C}.Debug|x64.ActiveCfg = Debug|Any CPU
		{17E9292C-7507-41E2-8863-B225FBA2F91C}.Debug|x64.Build.0 = Debug|Any CPU
		{17E9292C-7507-41E2-8863-B225FBA2F91C}.Debug|x86.ActiveCfg = Debug|Any CPU
		{17E9292C-7507-41E2-8863-B225FBA2F91C}.Debug|x86.Build.0 = Debug|Any CPU
		{17E9292C-7507-41E2-8863-B225FBA2F91C}.Release|Any CPU.ActiveCfg = Release|Any CPU
		{17E9292C-7507-41E2-8863-B225FBA2F91C}.Release|Any CPU.Build.0 = Release|Any CPU
		{17E9292C-7507-41E2-8863-B225FBA2F91C}.Release|x64.ActiveCfg = Release|Any CPU
		{17E9292C-7507-41E2-8863-B225FBA2F91C}.Release|x64.Build.0 = Release|Any CPU
		{17E9292C-7507-41E2-8863-B225FBA2F91C}.Release|x86.ActiveCfg = Release|Any CPU
		{17E9292C-7507-41E2-8863-B225FBA2F91C}.Release|x86.Build.0 = Release|Any CPU
	EndGlobalSection
	GlobalSection(SolutionProperties) = preSolution
		HideSolutionNode = FALSE
	EndGlobalSection
	GlobalSection(NestedProjects) = preSolution
		{48DFF97B-9A5F-EA97-093C-84C783EDB4CA} = {D82C56D6-B2CD-F611-9E31-04638F7EC30E}
		{984BB9B3-3FA3-BE33-9484-CAC21695A33C} = {827E0CD3-B72D-47B6-A68D-7590B98EB39B}
		{473EF3C4-73FA-6715-AA3C-7C7929374EED} = {984BB9B3-3FA3-BE33-9484-CAC21695A33C}
		{C3EC9CB2-5631-440D-9689-7F0A03F9D911} = {473EF3C4-73FA-6715-AA3C-7C7929374EED}
		{3A00E025-20F4-432B-87DD-1E8CD2B1484A} = {473EF3C4-73FA-6715-AA3C-7C7929374EED}
		{CA3339EE-D1AC-48FE-90B0-BF97E3EE172A} = {473EF3C4-73FA-6715-AA3C-7C7929374EED}
		{96CA3A9A-34A8-4074-BE9C-6DC38E503127} = {473EF3C4-73FA-6715-AA3C-7C7929374EED}
		{C91C1CF1-1625-0789-F869-53D87D6277BA} = {984BB9B3-3FA3-BE33-9484-CAC21695A33C}
		{AD5CC190-4B53-431D-8E64-2CCD27D322B9} = {C91C1CF1-1625-0789-F869-53D87D6277BA}
		{225DDFCC-6895-45A8-BF57-0E4CBBB603D1} = {C91C1CF1-1625-0789-F869-53D87D6277BA}
		{F9C727BA-7EA0-4664-BC13-B9C08E03BC00} = {C91C1CF1-1625-0789-F869-53D87D6277BA}
		{78AB4C08-462D-454A-A7B8-9E89F64C04C5} = {C91C1CF1-1625-0789-F869-53D87D6277BA}
		{0B029BC5-D7D3-F9F2-CC0A-E2B61D9B7287} = {984BB9B3-3FA3-BE33-9484-CAC21695A33C}
		{EC3E838F-9833-469B-9F57-8E676D8EADE3} = {0B029BC5-D7D3-F9F2-CC0A-E2B61D9B7287}
		{0959F641-3B52-4A8B-8647-47C27489F819} = {0B029BC5-D7D3-F9F2-CC0A-E2B61D9B7287}
		{28C69135-6ED8-4638-B0EE-5032612AECAF} = {0B029BC5-D7D3-F9F2-CC0A-E2B61D9B7287}
		{ECCC3CD6-EA44-4C44-B34B-A55DADEADB8E} = {0B029BC5-D7D3-F9F2-CC0A-E2B61D9B7287}
		{DA0821AE-E6EB-37CD-4B7A-8936146B7071} = {984BB9B3-3FA3-BE33-9484-CAC21695A33C}
		{FAE08ECC-7922-442F-BF36-F373A7486E1F} = {DA0821AE-E6EB-37CD-4B7A-8936146B7071}
		{A540F441-BF93-4CE6-B831-81A9AF7AB9C1} = {DA0821AE-E6EB-37CD-4B7A-8936146B7071}
		{68D0F2A1-5617-4CDE-96E8-C99BDDE7FF7A} = {DA0821AE-E6EB-37CD-4B7A-8936146B7071}
		{AA280F52-A2FF-4C0D-992F-8D92125360DA} = {DA0821AE-E6EB-37CD-4B7A-8936146B7071}
		{A3366C84-D65D-1C46-F00E-7B34F1A4F7E6} = {984BB9B3-3FA3-BE33-9484-CAC21695A33C}
		{34DEF818-9C0A-48CB-85C1-6CA8CB68ED8B} = {A3366C84-D65D-1C46-F00E-7B34F1A4F7E6}
		{5885E932-0D71-43C8-B347-DD27B08D124B} = {A3366C84-D65D-1C46-F00E-7B34F1A4F7E6}
		{F91D8A95-F70B-4B04-92CB-B015D05E0227} = {A3366C84-D65D-1C46-F00E-7B34F1A4F7E6}
		{88AF332F-F549-4FE3-A8BB-AAD73D780357} = {A3366C84-D65D-1C46-F00E-7B34F1A4F7E6}
		{B851199A-4979-E597-3D50-97AC5992BBAF} = {984BB9B3-3FA3-BE33-9484-CAC21695A33C}
		{0AB048F6-3FA9-4C0A-BB7B-10820A066461} = {B851199A-4979-E597-3D50-97AC5992BBAF}
		{5A932359-4BAE-4C68-A75A-9FC7D94C024C} = {B851199A-4979-E597-3D50-97AC5992BBAF}
		{EA2C368D-424C-4649-8F6A-632D9CF94A97} = {B851199A-4979-E597-3D50-97AC5992BBAF}
		{DFB815AA-0C85-455D-99DD-F415A4E3182F} = {B851199A-4979-E597-3D50-97AC5992BBAF}
		{EA21366C-CA10-58A8-F467-82E475E18730} = {984BB9B3-3FA3-BE33-9484-CAC21695A33C}
		{3C37C2A1-D75D-4A36-A656-0BFDE6270421} = {EA21366C-CA10-58A8-F467-82E475E18730}
		{38CEB5A3-96CC-4C34-943D-54B1D799B086} = {EA21366C-CA10-58A8-F467-82E475E18730}
		{CE51DC65-224A-4A1A-8CAB-E2A9BDC10AE1} = {EA21366C-CA10-58A8-F467-82E475E18730}
		{17E9292C-7507-41E2-8863-B225FBA2F91C} = {EA21366C-CA10-58A8-F467-82E475E18730}
	EndGlobalSection
	GlobalSection(ExtensibilityGlobals) = postSolution
		SolutionGuid = {3E7AB06B-7C59-4AF4-A3F6-57FFB683B494}
	EndGlobalSection
EndGlobal
