
Microsoft Visual Studio Solution File, Format Version 12.00
# Visual Studio Version 17
VisualStudioVersion = 17.0.31903.59
MinimumVisualStudioVersion = 10.0.40219.1
Project("{FAE04EC0-301F-11D3-BF4B-00C04F79EFBC}") = "Community.Domain", "Community.Domain\Community.Domain.csproj", "{4AD2C6F8-5B0D-4901-AD1F-04ECCE51FC1B}"
EndProject
Project("{FAE04EC0-301F-11D3-BF4B-00C04F79EFBC}") = "Community.Application", "Community.Application\Community.Application.csproj", "{21A0E275-D43A-43CA-AB0A-A64044E63BA3}"
EndProject
Project("{FAE04EC0-301F-11D3-BF4B-00C04F79EFBC}") = "Community.Infrastructure", "Community.Infrastructure\Community.Infrastructure.csproj", "{42667B87-81A5-451D-830A-F26666B86467}"
EndProject
Project("{FAE04EC0-301F-11D3-BF4B-00C04F79EFBC}") = "Community.API", "Community.API\Community.API.csproj", "{087BAB12-64D9-4725-B71A-06DB98F105D5}"
EndProject
Global
	GlobalSection(SolutionConfigurationPlatforms) = preSolution
		Debug|Any CPU = Debug|Any CPU
		Debug|x64 = Debug|x64
		Debug|x86 = Debug|x86
		Release|Any CPU = Release|Any CPU
		Release|x64 = Release|x64
		Release|x86 = Release|x86
	EndGlobalSection
	GlobalSection(ProjectConfigurationPlatforms) = postSolution
		{4AD2C6F8-5B0D-4901-AD1F-04ECCE51FC1B}.Debug|Any CPU.ActiveCfg = Debug|Any CPU
		{4AD2C6F8-5B0D-4901-AD1F-04ECCE51FC1B}.Debug|Any CPU.Build.0 = Debug|Any CPU
		{4AD2C6F8-5B0D-4901-AD1F-04ECCE51FC1B}.Debug|x64.ActiveCfg = Debug|Any CPU
		{4AD2C6F8-5B0D-4901-AD1F-04ECCE51FC1B}.Debug|x64.Build.0 = Debug|Any CPU
		{4AD2C6F8-5B0D-4901-AD1F-04ECCE51FC1B}.Debug|x86.ActiveCfg = Debug|Any CPU
		{4AD2C6F8-5B0D-4901-AD1F-04ECCE51FC1B}.Debug|x86.Build.0 = Debug|Any CPU
		{4AD2C6F8-5B0D-4901-AD1F-04ECCE51FC1B}.Release|Any CPU.ActiveCfg = Release|Any CPU
		{4AD2C6F8-5B0D-4901-AD1F-04ECCE51FC1B}.Release|Any CPU.Build.0 = Release|Any CPU
		{4AD2C6F8-5B0D-4901-AD1F-04ECCE51FC1B}.Release|x64.ActiveCfg = Release|Any CPU
		{4AD2C6F8-5B0D-4901-AD1F-04ECCE51FC1B}.Release|x64.Build.0 = Release|Any CPU
		{4AD2C6F8-5B0D-4901-AD1F-04ECCE51FC1B}.Release|x86.ActiveCfg = Release|Any CPU
		{4AD2C6F8-5B0D-4901-AD1F-04ECCE51FC1B}.Release|x86.Build.0 = Release|Any CPU
		{21A0E275-D43A-43CA-AB0A-A64044E63BA3}.Debug|Any CPU.ActiveCfg = Debug|Any CPU
		{21A0E275-D43A-43CA-AB0A-A64044E63BA3}.Debug|Any CPU.Build.0 = Debug|Any CPU
		{21A0E275-D43A-43CA-AB0A-A64044E63BA3}.Debug|x64.ActiveCfg = Debug|Any CPU
		{21A0E275-D43A-43CA-AB0A-A64044E63BA3}.Debug|x64.Build.0 = Debug|Any CPU
		{21A0E275-D43A-43CA-AB0A-A64044E63BA3}.Debug|x86.ActiveCfg = Debug|Any CPU
		{21A0E275-D43A-43CA-AB0A-A64044E63BA3}.Debug|x86.Build.0 = Debug|Any CPU
		{21A0E275-D43A-43CA-AB0A-A64044E63BA3}.Release|Any CPU.ActiveCfg = Release|Any CPU
		{21A0E275-D43A-43CA-AB0A-A64044E63BA3}.Release|Any CPU.Build.0 = Release|Any CPU
		{21A0E275-D43A-43CA-AB0A-A64044E63BA3}.Release|x64.ActiveCfg = Release|Any CPU
		{21A0E275-D43A-43CA-AB0A-A64044E63BA3}.Release|x64.Build.0 = Release|Any CPU
		{21A0E275-D43A-43CA-AB0A-A64044E63BA3}.Release|x86.ActiveCfg = Release|Any CPU
		{21A0E275-D43A-43CA-AB0A-A64044E63BA3}.Release|x86.Build.0 = Release|Any CPU
		{42667B87-81A5-451D-830A-F26666B86467}.Debug|Any CPU.ActiveCfg = Debug|Any CPU
		{42667B87-81A5-451D-830A-F26666B86467}.Debug|Any CPU.Build.0 = Debug|Any CPU
		{42667B87-81A5-451D-830A-F26666B86467}.Debug|x64.ActiveCfg = Debug|Any CPU
		{42667B87-81A5-451D-830A-F26666B86467}.Debug|x64.Build.0 = Debug|Any CPU
		{42667B87-81A5-451D-830A-F26666B86467}.Debug|x86.ActiveCfg = Debug|Any CPU
		{42667B87-81A5-451D-830A-F26666B86467}.Debug|x86.Build.0 = Debug|Any CPU
		{42667B87-81A5-451D-830A-F26666B86467}.Release|Any CPU.ActiveCfg = Release|Any CPU
		{42667B87-81A5-451D-830A-F26666B86467}.Release|Any CPU.Build.0 = Release|Any CPU
		{42667B87-81A5-451D-830A-F26666B86467}.Release|x64.ActiveCfg = Release|Any CPU
		{42667B87-81A5-451D-830A-F26666B86467}.Release|x64.Build.0 = Release|Any CPU
		{42667B87-81A5-451D-830A-F26666B86467}.Release|x86.ActiveCfg = Release|Any CPU
		{42667B87-81A5-451D-830A-F26666B86467}.Release|x86.Build.0 = Release|Any CPU
		{087BAB12-64D9-4725-B71A-06DB98F105D5}.Debug|Any CPU.ActiveCfg = Debug|Any CPU
		{087BAB12-64D9-4725-B71A-06DB98F105D5}.Debug|Any CPU.Build.0 = Debug|Any CPU
		{087BAB12-64D9-4725-B71A-06DB98F105D5}.Debug|x64.ActiveCfg = Debug|Any CPU
		{087BAB12-64D9-4725-B71A-06DB98F105D5}.Debug|x64.Build.0 = Debug|Any CPU
		{087BAB12-64D9-4725-B71A-06DB98F105D5}.Debug|x86.ActiveCfg = Debug|Any CPU
		{087BAB12-64D9-4725-B71A-06DB98F105D5}.Debug|x86.Build.0 = Debug|Any CPU
		{087BAB12-64D9-4725-B71A-06DB98F105D5}.Release|Any CPU.ActiveCfg = Release|Any CPU
		{087BAB12-64D9-4725-B71A-06DB98F105D5}.Release|Any CPU.Build.0 = Release|Any CPU
		{087BAB12-64D9-4725-B71A-06DB98F105D5}.Release|x64.ActiveCfg = Release|Any CPU
		{087BAB12-64D9-4725-B71A-06DB98F105D5}.Release|x64.Build.0 = Release|Any CPU
		{087BAB12-64D9-4725-B71A-06DB98F105D5}.Release|x86.ActiveCfg = Release|Any CPU
		{087BAB12-64D9-4725-B71A-06DB98F105D5}.Release|x86.Build.0 = Release|Any CPU
	EndGlobalSection
	GlobalSection(SolutionProperties) = preSolution
		HideSolutionNode = FALSE
	EndGlobalSection
EndGlobal
